// !$*UTF8*$!
{
	archiveVersion = 1;
	classes = {
	};
	objectVersion = 46;
	objects = {

/* Begin PBXBuildFile section */
		B507884A1AB7F11600D5864E /* main.m in Sources */ = {isa = PBXBuildFile; fileRef = B50788491AB7F11600D5864E /* main.m */; };
		B50788581AB7F11600D5864E /* Main.storyboard in Resources */ = {isa = PBXBuildFile; fileRef = B50788561AB7F11600D5864E /* Main.storyboard */; };
		B507885A1AB7F11600D5864E /* Images.xcassets in Resources */ = {isa = PBXBuildFile; fileRef = B50788591AB7F11600D5864E /* Images.xcassets */; };
		B507885D1AB7F11600D5864E /* LaunchScreen.xib in Resources */ = {isa = PBXBuildFile; fileRef = B507885B1AB7F11600D5864E /* LaunchScreen.xib */; };
		B50788691AB7F11600D5864E /* CellTowerTests.m in Sources */ = {isa = PBXBuildFile; fileRef = B50788681AB7F11600D5864E /* CellTowerTests.m */; };
		B50F76971AB7F89F0007FF1F /* Creature.m in Sources */ = {isa = PBXBuildFile; fileRef = B50F76961AB7F89F0007FF1F /* Creature.m */; };
		B51128D01AB80D23005C8B2E /* Tower.m in Sources */ = {isa = PBXBuildFile; fileRef = B51128CF1AB80D23005C8B2E /* Tower.m */; };
		B51AD0E11ABE7F0F00F7F1F3 /* SKNode+Expention.m in Sources */ = {isa = PBXBuildFile; fileRef = B51AD0E01ABE7F0F00F7F1F3 /* SKNode+Expention.m */; };
		B53483141ABB173600A8D950 /* Map.m in Sources */ = {isa = PBXBuildFile; fileRef = B53483111ABB173600A8D950 /* Map.m */; };
		B53483151ABB173600A8D950 /* NSMutableArray+Point.m in Sources */ = {isa = PBXBuildFile; fileRef = B53483131ABB173600A8D950 /* NSMutableArray+Point.m */; };
		B5901B8F1ABC54CF000200FE /* GameMap.m in Sources */ = {isa = PBXBuildFile; fileRef = B5901B8E1ABC54CF000200FE /* GameMap.m */; };
		B593350B1AB81E580039A94C /* air_fire.wav in Resources */ = {isa = PBXBuildFile; fileRef = B59334F91AB81E570039A94C /* air_fire.wav */; };
		B593350C1AB81E580039A94C /* congratulation.wav in Resources */ = {isa = PBXBuildFile; fileRef = B59334FA1AB81E570039A94C /* congratulation.wav */; };
		B593350D1AB81E580039A94C /* create_tower.wav in Resources */ = {isa = PBXBuildFile; fileRef = B59334FB1AB81E580039A94C /* create_tower.wav */; };
		B593350E1AB81E580039A94C /* creature_die.wav in Resources */ = {isa = PBXBuildFile; fileRef = B59334FC1AB81E580039A94C /* creature_die.wav */; };
		B593350F1AB81E580039A94C /* creature_rich_dest.WAV in Resources */ = {isa = PBXBuildFile; fileRef = B59334FD1AB81E580039A94C /* creature_rich_dest.WAV */; };
		B59335101AB81E580039A94C /* earthquake_fire.wav in Resources */ = {isa = PBXBuildFile; fileRef = B59334FE1AB81E580039A94C /* earthquake_fire.wav */; };
		B59335111AB81E580039A94C /* explosion.wav in Resources */ = {isa = PBXBuildFile; fileRef = B59334FF1AB81E580039A94C /* explosion.wav */; };
		B59335121AB81E580039A94C /* game_bg.mod in Resources */ = {isa = PBXBuildFile; fileRef = B59335001AB81E580039A94C /* game_bg.mod */; };
		B59335131AB81E580039A94C /* gameover.WAV in Resources */ = {isa = PBXBuildFile; fileRef = B59335011AB81E580039A94C /* gameover.WAV */; };
		B59335141AB81E580039A94C /* menu_bg.mod in Resources */ = {isa = PBXBuildFile; fileRef = B59335021AB81E580039A94C /* menu_bg.mod */; };
		B59335151AB81E580039A94C /* next_level.wav in Resources */ = {isa = PBXBuildFile; fileRef = B59335031AB81E580039A94C /* next_level.wav */; };
		B59335161AB81E580039A94C /* radar_fire.wav in Resources */ = {isa = PBXBuildFile; fileRef = B59335041AB81E580039A94C /* radar_fire.wav */; };
		B59335171AB81E580039A94C /* range_fire.wav in Resources */ = {isa = PBXBuildFile; fileRef = B59335051AB81E580039A94C /* range_fire.wav */; };
		B59335181AB81E580039A94C /* rocket_fire.wav in Resources */ = {isa = PBXBuildFile; fileRef = B59335061AB81E580039A94C /* rocket_fire.wav */; };
		B59335191AB81E580039A94C /* sell_tower.wav in Resources */ = {isa = PBXBuildFile; fileRef = B59335071AB81E580039A94C /* sell_tower.wav */; };
		B593351A1AB81E580039A94C /* slowdown_fire.wav in Resources */ = {isa = PBXBuildFile; fileRef = B59335081AB81E580039A94C /* slowdown_fire.wav */; };
		B593351B1AB81E580039A94C /* sniper_fire.wav in Resources */ = {isa = PBXBuildFile; fileRef = B59335091AB81E580039A94C /* sniper_fire.wav */; };
		B593351C1AB81E580039A94C /* upgrade_tower.wav in Resources */ = {isa = PBXBuildFile; fileRef = B593350A1AB81E580039A94C /* upgrade_tower.wav */; };
		B5ADD2E81ABD35C200DF4163 /* AppDelegate.m in Sources */ = {isa = PBXBuildFile; fileRef = B5ADD2E21ABD35C200DF4163 /* AppDelegate.m */; };
		B5ADD2E91ABD35C200DF4163 /* GameScene.m in Sources */ = {isa = PBXBuildFile; fileRef = B5ADD2E41ABD35C200DF4163 /* GameScene.m */; };
		B5ADD2EA1ABD35C200DF4163 /* GameScene.sks in Resources */ = {isa = PBXBuildFile; fileRef = B5ADD2E51ABD35C200DF4163 /* GameScene.sks */; };
		B5ADD2EB1ABD35C200DF4163 /* GameViewController.m in Sources */ = {isa = PBXBuildFile; fileRef = B5ADD2E71ABD35C200DF4163 /* GameViewController.m */; };
		B5BF25221ABAC838005CEAC1 /* SlowDownTower.m in Sources */ = {isa = PBXBuildFile; fileRef = B5BF25211ABAC838005CEAC1 /* SlowDownTower.m */; };
		B5BF25251ABACE05005CEAC1 /* ShockTower.m in Sources */ = {isa = PBXBuildFile; fileRef = B5BF25241ABACE05005CEAC1 /* ShockTower.m */; };
		B5BF25281ABACF54005CEAC1 /* CTGeometryTool.m in Sources */ = {isa = PBXBuildFile; fileRef = B5BF25271ABACF54005CEAC1 /* CTGeometryTool.m */; };
		B5C9E73B1ABC4E64003CA711 /* RadarTower.m in Sources */ = {isa = PBXBuildFile; fileRef = B5C9E73A1ABC4E64003CA711 /* RadarTower.m */; };
		B5CE09941AB833C500C44123 /* creature.plist in Resources */ = {isa = PBXBuildFile; fileRef = B5CE09931AB833C500C44123 /* creature.plist */; };
		B5D2FADC1ABD3803009BB190 /* CannonTower.m in Sources */ = {isa = PBXBuildFile; fileRef = B5D2FADB1ABD3803009BB190 /* CannonTower.m */; };
		B5D2FADF1ABD390E009BB190 /* SniperTower.m in Sources */ = {isa = PBXBuildFile; fileRef = B5D2FADE1ABD390E009BB190 /* SniperTower.m */; };
		B5D2FAE31ABD3A82009BB190 /* RocketTower.m in Sources */ = {isa = PBXBuildFile; fileRef = B5D2FAE21ABD3A82009BB190 /* RocketTower.m */; };
		B5D2FAE61ABD4491009BB190 /* AirTower.m in Sources */ = {isa = PBXBuildFile; fileRef = B5D2FAE51ABD4491009BB190 /* AirTower.m */; };
		B5D702581AB84071003FE835 /* TowerModel.m in Sources */ = {isa = PBXBuildFile; fileRef = B5D702571AB84071003FE835 /* TowerModel.m */; };
		B5D7025B1AB84095003FE835 /* CreatureModel.m in Sources */ = {isa = PBXBuildFile; fileRef = B5D7025A1AB84095003FE835 /* CreatureModel.m */; };
		B5D7025D1AB848C1003FE835 /* tower.plist in Resources */ = {isa = PBXBuildFile; fileRef = B5D7025C1AB848C1003FE835 /* tower.plist */; };
/* End PBXBuildFile section */

/* Begin PBXContainerItemProxy section */
		B50788631AB7F11600D5864E /* PBXContainerItemProxy */ = {
			isa = PBXContainerItemProxy;
			containerPortal = B507883C1AB7F11600D5864E /* Project object */;
			proxyType = 1;
			remoteGlobalIDString = B50788431AB7F11600D5864E;
			remoteInfo = CellTower;
		};
/* End PBXContainerItemProxy section */

/* Begin PBXFileReference section */
		B50788441AB7F11600D5864E /* CellTower.app */ = {isa = PBXFileReference; explicitFileType = wrapper.application; includeInIndex = 0; path = CellTower.app; sourceTree = BUILT_PRODUCTS_DIR; };
		B50788481AB7F11600D5864E /* Info.plist */ = {isa = PBXFileReference; lastKnownFileType = text.plist.xml; path = Info.plist; sourceTree = "<group>"; };
		B50788491AB7F11600D5864E /* main.m */ = {isa = PBXFileReference; lastKnownFileType = sourcecode.c.objc; path = main.m; sourceTree = "<group>"; };
		B50788571AB7F11600D5864E /* Base */ = {isa = PBXFileReference; lastKnownFileType = file.storyboard; name = Base; path = Base.lproj/Main.storyboard; sourceTree = "<group>"; };
		B50788591AB7F11600D5864E /* Images.xcassets */ = {isa = PBXFileReference; lastKnownFileType = folder.assetcatalog; path = Images.xcassets; sourceTree = "<group>"; };
		B507885C1AB7F11600D5864E /* Base */ = {isa = PBXFileReference; lastKnownFileType = file.xib; name = Base; path = Base.lproj/LaunchScreen.xib; sourceTree = "<group>"; };
		B50788621AB7F11600D5864E /* CellTowerTests.xctest */ = {isa = PBXFileReference; explicitFileType = wrapper.cfbundle; includeInIndex = 0; path = CellTowerTests.xctest; sourceTree = BUILT_PRODUCTS_DIR; };
		B50788671AB7F11600D5864E /* Info.plist */ = {isa = PBXFileReference; lastKnownFileType = text.plist.xml; path = Info.plist; sourceTree = "<group>"; };
		B50788681AB7F11600D5864E /* CellTowerTests.m */ = {isa = PBXFileReference; lastKnownFileType = sourcecode.c.objc; path = CellTowerTests.m; sourceTree = "<group>"; };
		B50F76951AB7F89F0007FF1F /* Creature.h */ = {isa = PBXFileReference; fileEncoding = 4; lastKnownFileType = sourcecode.c.h; path = Creature.h; sourceTree = "<group>"; };
		B50F76961AB7F89F0007FF1F /* Creature.m */ = {isa = PBXFileReference; fileEncoding = 4; lastKnownFileType = sourcecode.c.objc; path = Creature.m; sourceTree = "<group>"; };
		B51128CE1AB80D23005C8B2E /* Tower.h */ = {isa = PBXFileReference; fileEncoding = 4; lastKnownFileType = sourcecode.c.h; path = Tower.h; sourceTree = "<group>"; };
		B51128CF1AB80D23005C8B2E /* Tower.m */ = {isa = PBXFileReference; fileEncoding = 4; lastKnownFileType = sourcecode.c.objc; path = Tower.m; sourceTree = "<group>"; };
		B51AD0DF1ABE7F0F00F7F1F3 /* SKNode+Expention.h */ = {isa = PBXFileReference; fileEncoding = 4; lastKnownFileType = sourcecode.c.h; name = "SKNode+Expention.h"; path = "../../../../../Documents/SKNode+Expention.h"; sourceTree = "<group>"; };
		B51AD0E01ABE7F0F00F7F1F3 /* SKNode+Expention.m */ = {isa = PBXFileReference; fileEncoding = 4; lastKnownFileType = sourcecode.c.objc; name = "SKNode+Expention.m"; path = "../../../../../Documents/SKNode+Expention.m"; sourceTree = "<group>"; };
		B53483101ABB173600A8D950 /* Map.h */ = {isa = PBXFileReference; fileEncoding = 4; lastKnownFileType = sourcecode.c.h; path = Map.h; sourceTree = "<group>"; };
		B53483111ABB173600A8D950 /* Map.m */ = {isa = PBXFileReference; fileEncoding = 4; lastKnownFileType = sourcecode.c.objc; path = Map.m; sourceTree = "<group>"; };
		B53483121ABB173600A8D950 /* NSMutableArray+Point.h */ = {isa = PBXFileReference; fileEncoding = 4; lastKnownFileType = sourcecode.c.h; name = "NSMutableArray+Point.h"; path = "../Map/NSMutableArray+Point.h"; sourceTree = "<group>"; };
		B53483131ABB173600A8D950 /* NSMutableArray+Point.m */ = {isa = PBXFileReference; fileEncoding = 4; lastKnownFileType = sourcecode.c.objc; name = "NSMutableArray+Point.m"; path = "../Map/NSMutableArray+Point.m"; sourceTree = "<group>"; };
		B5686DC51ABAB1500037EA42 /* PrefixHeader.pch */ = {isa = PBXFileReference; lastKnownFileType = sourcecode.c.h; name = PrefixHeader.pch; path = pch/PrefixHeader.pch; sourceTree = "<group>"; };
		B5901B8D1ABC54CF000200FE /* GameMap.h */ = {isa = PBXFileReference; fileEncoding = 4; lastKnownFileType = sourcecode.c.h; path = GameMap.h; sourceTree = "<group>"; };
		B5901B8E1ABC54CF000200FE /* GameMap.m */ = {isa = PBXFileReference; fileEncoding = 4; lastKnownFileType = sourcecode.c.objc; path = GameMap.m; sourceTree = "<group>"; };
		B59334F91AB81E570039A94C /* air_fire.wav */ = {isa = PBXFileReference; lastKnownFileType = audio.wav; path = air_fire.wav; sourceTree = "<group>"; };
		B59334FA1AB81E570039A94C /* congratulation.wav */ = {isa = PBXFileReference; lastKnownFileType = audio.wav; path = congratulation.wav; sourceTree = "<group>"; };
		B59334FB1AB81E580039A94C /* create_tower.wav */ = {isa = PBXFileReference; lastKnownFileType = audio.wav; path = create_tower.wav; sourceTree = "<group>"; };
		B59334FC1AB81E580039A94C /* creature_die.wav */ = {isa = PBXFileReference; lastKnownFileType = audio.wav; path = creature_die.wav; sourceTree = "<group>"; };
		B59334FD1AB81E580039A94C /* creature_rich_dest.WAV */ = {isa = PBXFileReference; lastKnownFileType = audio.wav; path = creature_rich_dest.WAV; sourceTree = "<group>"; };
		B59334FE1AB81E580039A94C /* earthquake_fire.wav */ = {isa = PBXFileReference; lastKnownFileType = audio.wav; path = earthquake_fire.wav; sourceTree = "<group>"; };
		B59334FF1AB81E580039A94C /* explosion.wav */ = {isa = PBXFileReference; lastKnownFileType = audio.wav; path = explosion.wav; sourceTree = "<group>"; };
		B59335001AB81E580039A94C /* game_bg.mod */ = {isa = PBXFileReference; lastKnownFileType = file; path = game_bg.mod; sourceTree = "<group>"; };
		B59335011AB81E580039A94C /* gameover.WAV */ = {isa = PBXFileReference; lastKnownFileType = audio.wav; path = gameover.WAV; sourceTree = "<group>"; };
		B59335021AB81E580039A94C /* menu_bg.mod */ = {isa = PBXFileReference; lastKnownFileType = file; path = menu_bg.mod; sourceTree = "<group>"; };
		B59335031AB81E580039A94C /* next_level.wav */ = {isa = PBXFileReference; lastKnownFileType = audio.wav; path = next_level.wav; sourceTree = "<group>"; };
		B59335041AB81E580039A94C /* radar_fire.wav */ = {isa = PBXFileReference; lastKnownFileType = audio.wav; path = radar_fire.wav; sourceTree = "<group>"; };
		B59335051AB81E580039A94C /* range_fire.wav */ = {isa = PBXFileReference; lastKnownFileType = audio.wav; path = range_fire.wav; sourceTree = "<group>"; };
		B59335061AB81E580039A94C /* rocket_fire.wav */ = {isa = PBXFileReference; lastKnownFileType = audio.wav; path = rocket_fire.wav; sourceTree = "<group>"; };
		B59335071AB81E580039A94C /* sell_tower.wav */ = {isa = PBXFileReference; lastKnownFileType = audio.wav; path = sell_tower.wav; sourceTree = "<group>"; };
		B59335081AB81E580039A94C /* slowdown_fire.wav */ = {isa = PBXFileReference; lastKnownFileType = audio.wav; path = slowdown_fire.wav; sourceTree = "<group>"; };
		B59335091AB81E580039A94C /* sniper_fire.wav */ = {isa = PBXFileReference; lastKnownFileType = audio.wav; path = sniper_fire.wav; sourceTree = "<group>"; };
		B593350A1AB81E580039A94C /* upgrade_tower.wav */ = {isa = PBXFileReference; lastKnownFileType = audio.wav; path = upgrade_tower.wav; sourceTree = "<group>"; };
		B5ADD2E11ABD35C200DF4163 /* AppDelegate.h */ = {isa = PBXFileReference; fileEncoding = 4; lastKnownFileType = sourcecode.c.h; path = AppDelegate.h; sourceTree = "<group>"; };
		B5ADD2E21ABD35C200DF4163 /* AppDelegate.m */ = {isa = PBXFileReference; fileEncoding = 4; lastKnownFileType = sourcecode.c.objc; path = AppDelegate.m; sourceTree = "<group>"; };
		B5ADD2E31ABD35C200DF4163 /* GameScene.h */ = {isa = PBXFileReference; fileEncoding = 4; lastKnownFileType = sourcecode.c.h; path = GameScene.h; sourceTree = "<group>"; };
		B5ADD2E41ABD35C200DF4163 /* GameScene.m */ = {isa = PBXFileReference; fileEncoding = 4; lastKnownFileType = sourcecode.c.objc; path = GameScene.m; sourceTree = "<group>"; };
		B5ADD2E51ABD35C200DF4163 /* GameScene.sks */ = {isa = PBXFileReference; lastKnownFileType = file.sks; path = GameScene.sks; sourceTree = "<group>"; };
		B5ADD2E61ABD35C200DF4163 /* GameViewController.h */ = {isa = PBXFileReference; fileEncoding = 4; lastKnownFileType = sourcecode.c.h; path = GameViewController.h; sourceTree = "<group>"; };
		B5ADD2E71ABD35C200DF4163 /* GameViewController.m */ = {isa = PBXFileReference; fileEncoding = 4; lastKnownFileType = sourcecode.c.objc; path = GameViewController.m; sourceTree = "<group>"; };
		B5BF25201ABAC838005CEAC1 /* SlowDownTower.h */ = {isa = PBXFileReference; fileEncoding = 4; lastKnownFileType = sourcecode.c.h; path = SlowDownTower.h; sourceTree = "<group>"; };
		B5BF25211ABAC838005CEAC1 /* SlowDownTower.m */ = {isa = PBXFileReference; fileEncoding = 4; lastKnownFileType = sourcecode.c.objc; path = SlowDownTower.m; sourceTree = "<group>"; };
		B5BF25231ABACE05005CEAC1 /* ShockTower.h */ = {isa = PBXFileReference; fileEncoding = 4; lastKnownFileType = sourcecode.c.h; path = ShockTower.h; sourceTree = "<group>"; };
		B5BF25241ABACE05005CEAC1 /* ShockTower.m */ = {isa = PBXFileReference; fileEncoding = 4; lastKnownFileType = sourcecode.c.objc; path = ShockTower.m; sourceTree = "<group>"; };
		B5BF25261ABACF54005CEAC1 /* CTGeometryTool.h */ = {isa = PBXFileReference; fileEncoding = 4; lastKnownFileType = sourcecode.c.h; path = CTGeometryTool.h; sourceTree = "<group>"; };
		B5BF25271ABACF54005CEAC1 /* CTGeometryTool.m */ = {isa = PBXFileReference; fileEncoding = 4; lastKnownFileType = sourcecode.c.objc; path = CTGeometryTool.m; sourceTree = "<group>"; };
		B5C9E7391ABC4E64003CA711 /* RadarTower.h */ = {isa = PBXFileReference; fileEncoding = 4; lastKnownFileType = sourcecode.c.h; path = RadarTower.h; sourceTree = "<group>"; };
		B5C9E73A1ABC4E64003CA711 /* RadarTower.m */ = {isa = PBXFileReference; fileEncoding = 4; lastKnownFileType = sourcecode.c.objc; path = RadarTower.m; sourceTree = "<group>"; };
		B5CE09931AB833C500C44123 /* creature.plist */ = {isa = PBXFileReference; fileEncoding = 4; lastKnownFileType = text.plist.xml; path = creature.plist; sourceTree = "<group>"; };
		B5D2FADA1ABD3803009BB190 /* CannonTower.h */ = {isa = PBXFileReference; fileEncoding = 4; lastKnownFileType = sourcecode.c.h; path = CannonTower.h; sourceTree = "<group>"; };
		B5D2FADB1ABD3803009BB190 /* CannonTower.m */ = {isa = PBXFileReference; fileEncoding = 4; lastKnownFileType = sourcecode.c.objc; path = CannonTower.m; sourceTree = "<group>"; };
		B5D2FADD1ABD390E009BB190 /* SniperTower.h */ = {isa = PBXFileReference; fileEncoding = 4; lastKnownFileType = sourcecode.c.h; path = SniperTower.h; sourceTree = "<group>"; };
		B5D2FADE1ABD390E009BB190 /* SniperTower.m */ = {isa = PBXFileReference; fileEncoding = 4; lastKnownFileType = sourcecode.c.objc; path = SniperTower.m; sourceTree = "<group>"; };
		B5D2FAE11ABD3A82009BB190 /* RocketTower.h */ = {isa = PBXFileReference; fileEncoding = 4; lastKnownFileType = sourcecode.c.h; path = RocketTower.h; sourceTree = "<group>"; };
		B5D2FAE21ABD3A82009BB190 /* RocketTower.m */ = {isa = PBXFileReference; fileEncoding = 4; lastKnownFileType = sourcecode.c.objc; path = RocketTower.m; sourceTree = "<group>"; };
		B5D2FAE41ABD4491009BB190 /* AirTower.h */ = {isa = PBXFileReference; fileEncoding = 4; lastKnownFileType = sourcecode.c.h; path = AirTower.h; sourceTree = "<group>"; };
		B5D2FAE51ABD4491009BB190 /* AirTower.m */ = {isa = PBXFileReference; fileEncoding = 4; lastKnownFileType = sourcecode.c.objc; path = AirTower.m; sourceTree = "<group>"; };
		B5D702561AB84071003FE835 /* TowerModel.h */ = {isa = PBXFileReference; fileEncoding = 4; lastKnownFileType = sourcecode.c.h; path = TowerModel.h; sourceTree = "<group>"; };
		B5D702571AB84071003FE835 /* TowerModel.m */ = {isa = PBXFileReference; fileEncoding = 4; lastKnownFileType = sourcecode.c.objc; path = TowerModel.m; sourceTree = "<group>"; };
		B5D702591AB84095003FE835 /* CreatureModel.h */ = {isa = PBXFileReference; fileEncoding = 4; lastKnownFileType = sourcecode.c.h; path = CreatureModel.h; sourceTree = "<group>"; };
		B5D7025A1AB84095003FE835 /* CreatureModel.m */ = {isa = PBXFileReference; fileEncoding = 4; lastKnownFileType = sourcecode.c.objc; path = CreatureModel.m; sourceTree = "<group>"; };
		B5D7025C1AB848C1003FE835 /* tower.plist */ = {isa = PBXFileReference; fileEncoding = 4; lastKnownFileType = text.plist.xml; path = tower.plist; sourceTree = "<group>"; };
		B5E3CC521ABE5F4E005F2ECB /* Common.h */ = {isa = PBXFileReference; lastKnownFileType = sourcecode.c.h; path = Common.h; sourceTree = "<group>"; };
/* End PBXFileReference section */

/* Begin PBXFrameworksBuildPhase section */
		B50788411AB7F11600D5864E /* Frameworks */ = {
			isa = PBXFrameworksBuildPhase;
			buildActionMask = 2147483647;
			files = (
			);
			runOnlyForDeploymentPostprocessing = 0;
		};
		B507885F1AB7F11600D5864E /* Frameworks */ = {
			isa = PBXFrameworksBuildPhase;
			buildActionMask = 2147483647;
			files = (
			);
			runOnlyForDeploymentPostprocessing = 0;
		};
/* End PBXFrameworksBuildPhase section */

/* Begin PBXGroup section */
		B507883B1AB7F11600D5864E = {
			isa = PBXGroup;
			children = (
				B50788461AB7F11600D5864E /* CellTower */,
				B50788651AB7F11600D5864E /* CellTowerTests */,
				B50788451AB7F11600D5864E /* Products */,
			);
			sourceTree = "<group>";
		};
		B50788451AB7F11600D5864E /* Products */ = {
			isa = PBXGroup;
			children = (
				B50788441AB7F11600D5864E /* CellTower.app */,
				B50788621AB7F11600D5864E /* CellTowerTests.xctest */,
			);
			name = Products;
			sourceTree = "<group>";
		};
		B50788461AB7F11600D5864E /* CellTower */ = {
			isa = PBXGroup;
			children = (
				B51AD0DB1ABE7C9C00F7F1F3 /* Category */,
				B5ADD2E01ABD35C200DF4163 /* Main */,
				B5BF25291ABACF61005CEAC1 /* Tool */,
				B534830F1ABB173600A8D950 /* Map */,
				B51128CA1AB809A2005C8B2E /* Tower */,
				B50F76911AB7F4B70007FF1F /* Creature */,
				B50788471AB7F11600D5864E /* Supporting Files */,
			);
			path = CellTower;
			sourceTree = "<group>";
		};
		B50788471AB7F11600D5864E /* Supporting Files */ = {
			isa = PBXGroup;
			children = (
				B59334F81AB81E570039A94C /* music */,
				B50788561AB7F11600D5864E /* Main.storyboard */,
				B50788591AB7F11600D5864E /* Images.xcassets */,
				B507885B1AB7F11600D5864E /* LaunchScreen.xib */,
				B50788481AB7F11600D5864E /* Info.plist */,
				B50788491AB7F11600D5864E /* main.m */,
				B5686DC51ABAB1500037EA42 /* PrefixHeader.pch */,
			);
			name = "Supporting Files";
			sourceTree = "<group>";
		};
		B50788651AB7F11600D5864E /* CellTowerTests */ = {
			isa = PBXGroup;
			children = (
				B50788681AB7F11600D5864E /* CellTowerTests.m */,
				B50788661AB7F11600D5864E /* Supporting Files */,
			);
			path = CellTowerTests;
			sourceTree = "<group>";
		};
		B50788661AB7F11600D5864E /* Supporting Files */ = {
			isa = PBXGroup;
			children = (
				B50788671AB7F11600D5864E /* Info.plist */,
			);
			name = "Supporting Files";
			sourceTree = "<group>";
		};
		B50F76911AB7F4B70007FF1F /* Creature */ = {
			isa = PBXGroup;
			children = (
				B5CE09931AB833C500C44123 /* creature.plist */,
				B5D702591AB84095003FE835 /* CreatureModel.h */,
				B5D7025A1AB84095003FE835 /* CreatureModel.m */,
				B50F76951AB7F89F0007FF1F /* Creature.h */,
				B50F76961AB7F89F0007FF1F /* Creature.m */,
			);
			path = Creature;
			sourceTree = "<group>";
		};
		B51128CA1AB809A2005C8B2E /* Tower */ = {
			isa = PBXGroup;
			children = (
				B5D7025C1AB848C1003FE835 /* tower.plist */,
				B5D702561AB84071003FE835 /* TowerModel.h */,
				B5D702571AB84071003FE835 /* TowerModel.m */,
				B51128CE1AB80D23005C8B2E /* Tower.h */,
				B51128CF1AB80D23005C8B2E /* Tower.m */,
				B5BF25201ABAC838005CEAC1 /* SlowDownTower.h */,
				B5BF25211ABAC838005CEAC1 /* SlowDownTower.m */,
				B5BF25231ABACE05005CEAC1 /* ShockTower.h */,
				B5BF25241ABACE05005CEAC1 /* ShockTower.m */,
				B5C9E7391ABC4E64003CA711 /* RadarTower.h */,
				B5C9E73A1ABC4E64003CA711 /* RadarTower.m */,
				B5D2FADA1ABD3803009BB190 /* CannonTower.h */,
				B5D2FADB1ABD3803009BB190 /* CannonTower.m */,
				B5D2FADD1ABD390E009BB190 /* SniperTower.h */,
				B5D2FADE1ABD390E009BB190 /* SniperTower.m */,
				B5D2FAE11ABD3A82009BB190 /* RocketTower.h */,
				B5D2FAE21ABD3A82009BB190 /* RocketTower.m */,
				B5D2FAE41ABD4491009BB190 /* AirTower.h */,
				B5D2FAE51ABD4491009BB190 /* AirTower.m */,
			);
			path = Tower;
			sourceTree = "<group>";
		};
		B51AD0DB1ABE7C9C00F7F1F3 /* Category */ = {
			isa = PBXGroup;
			children = (
				B53483121ABB173600A8D950 /* NSMutableArray+Point.h */,
				B53483131ABB173600A8D950 /* NSMutableArray+Point.m */,
				B51AD0DF1ABE7F0F00F7F1F3 /* SKNode+Expention.h */,
				B51AD0E01ABE7F0F00F7F1F3 /* SKNode+Expention.m */,
			);
			path = Category;
			sourceTree = "<group>";
		};
		B534830F1ABB173600A8D950 /* Map */ = {
			isa = PBXGroup;
			children = (
				B5901B8D1ABC54CF000200FE /* GameMap.h */,
				B5901B8E1ABC54CF000200FE /* GameMap.m */,
				B53483101ABB173600A8D950 /* Map.h */,
				B53483111ABB173600A8D950 /* Map.m */,
			);
			path = Map;
			sourceTree = "<group>";
		};
		B59334F81AB81E570039A94C /* music */ = {
			isa = PBXGroup;
			children = (
				B59334F91AB81E570039A94C /* air_fire.wav */,
				B59334FA1AB81E570039A94C /* congratulation.wav */,
				B59334FB1AB81E580039A94C /* create_tower.wav */,
				B59334FC1AB81E580039A94C /* creature_die.wav */,
				B59334FD1AB81E580039A94C /* creature_rich_dest.WAV */,
				B59334FE1AB81E580039A94C /* earthquake_fire.wav */,
				B59334FF1AB81E580039A94C /* explosion.wav */,
				B59335001AB81E580039A94C /* game_bg.mod */,
				B59335011AB81E580039A94C /* gameover.WAV */,
				B59335021AB81E580039A94C /* menu_bg.mod */,
				B59335031AB81E580039A94C /* next_level.wav */,
				B59335041AB81E580039A94C /* radar_fire.wav */,
				B59335051AB81E580039A94C /* range_fire.wav */,
				B59335061AB81E580039A94C /* rocket_fire.wav */,
				B59335071AB81E580039A94C /* sell_tower.wav */,
				B59335081AB81E580039A94C /* slowdown_fire.wav */,
				B59335091AB81E580039A94C /* sniper_fire.wav */,
				B593350A1AB81E580039A94C /* upgrade_tower.wav */,
			);
			path = music;
			sourceTree = "<group>";
		};
		B5ADD2E01ABD35C200DF4163 /* Main */ = {
			isa = PBXGroup;
			children = (
				B5ADD2E11ABD35C200DF4163 /* AppDelegate.h */,
				B5ADD2E21ABD35C200DF4163 /* AppDelegate.m */,
				B5ADD2E31ABD35C200DF4163 /* GameScene.h */,
				B5ADD2E41ABD35C200DF4163 /* GameScene.m */,
				B5ADD2E51ABD35C200DF4163 /* GameScene.sks */,
				B5ADD2E61ABD35C200DF4163 /* GameViewController.h */,
				B5ADD2E71ABD35C200DF4163 /* GameViewController.m */,
				B5E3CC521ABE5F4E005F2ECB /* Common.h */,
			);
			path = Main;
			sourceTree = "<group>";
		};
		B5BF25291ABACF61005CEAC1 /* Tool */ = {
			isa = PBXGroup;
			children = (
				B5BF25261ABACF54005CEAC1 /* CTGeometryTool.h */,
				B5BF25271ABACF54005CEAC1 /* CTGeometryTool.m */,
			);
			name = Tool;
			path = Creature;
			sourceTree = "<group>";
		};
/* End PBXGroup section */

/* Begin PBXNativeTarget section */
		B50788431AB7F11600D5864E /* CellTower */ = {
			isa = PBXNativeTarget;
			buildConfigurationList = B507886C1AB7F11600D5864E /* Build configuration list for PBXNativeTarget "CellTower" */;
			buildPhases = (
				B50788401AB7F11600D5864E /* Sources */,
				B50788411AB7F11600D5864E /* Frameworks */,
				B50788421AB7F11600D5864E /* Resources */,
			);
			buildRules = (
			);
			dependencies = (
			);
			name = CellTower;
			productName = CellTower;
			productReference = B50788441AB7F11600D5864E /* CellTower.app */;
			productType = "com.apple.product-type.application";
		};
		B50788611AB7F11600D5864E /* CellTowerTests */ = {
			isa = PBXNativeTarget;
			buildConfigurationList = B507886F1AB7F11600D5864E /* Build configuration list for PBXNativeTarget "CellTowerTests" */;
			buildPhases = (
				B507885E1AB7F11600D5864E /* Sources */,
				B507885F1AB7F11600D5864E /* Frameworks */,
				B50788601AB7F11600D5864E /* Resources */,
			);
			buildRules = (
			);
			dependencies = (
				B50788641AB7F11600D5864E /* PBXTargetDependency */,
			);
			name = CellTowerTests;
			productName = CellTowerTests;
			productReference = B50788621AB7F11600D5864E /* CellTowerTests.xctest */;
			productType = "com.apple.product-type.bundle.unit-test";
		};
/* End PBXNativeTarget section */

/* Begin PBXProject section */
		B507883C1AB7F11600D5864E /* Project object */ = {
			isa = PBXProject;
			attributes = {
				LastUpgradeCheck = 0610;
				ORGANIZATIONNAME = MingTingChang;
				TargetAttributes = {
					B50788431AB7F11600D5864E = {
						CreatedOnToolsVersion = 6.1;
					};
					B50788611AB7F11600D5864E = {
						CreatedOnToolsVersion = 6.1;
						TestTargetID = B50788431AB7F11600D5864E;
					};
				};
			};
			buildConfigurationList = B507883F1AB7F11600D5864E /* Build configuration list for PBXProject "CellTower" */;
			compatibilityVersion = "Xcode 3.2";
			developmentRegion = English;
			hasScannedForEncodings = 0;
			knownRegions = (
				en,
				Base,
			);
			mainGroup = B507883B1AB7F11600D5864E;
			productRefGroup = B50788451AB7F11600D5864E /* Products */;
			projectDirPath = "";
			projectRoot = "";
			targets = (
				B50788431AB7F11600D5864E /* CellTower */,
				B50788611AB7F11600D5864E /* CellTowerTests */,
			);
		};
/* End PBXProject section */

/* Begin PBXResourcesBuildPhase section */
		B50788421AB7F11600D5864E /* Resources */ = {
			isa = PBXResourcesBuildPhase;
			buildActionMask = 2147483647;
			files = (
				B593350E1AB81E580039A94C /* creature_die.wav in Resources */,
				B59335101AB81E580039A94C /* earthquake_fire.wav in Resources */,
				B59335131AB81E580039A94C /* gameover.WAV in Resources */,
				B593351A1AB81E580039A94C /* slowdown_fire.wav in Resources */,
				B5ADD2EA1ABD35C200DF4163 /* GameScene.sks in Resources */,
				B593351B1AB81E580039A94C /* sniper_fire.wav in Resources */,
				B507885D1AB7F11600D5864E /* LaunchScreen.xib in Resources */,
				B59335181AB81E580039A94C /* rocket_fire.wav in Resources */,
				B5CE09941AB833C500C44123 /* creature.plist in Resources */,
				B59335111AB81E580039A94C /* explosion.wav in Resources */,
				B507885A1AB7F11600D5864E /* Images.xcassets in Resources */,
				B593351C1AB81E580039A94C /* upgrade_tower.wav in Resources */,
				B593350F1AB81E580039A94C /* creature_rich_dest.WAV in Resources */,
				B593350C1AB81E580039A94C /* congratulation.wav in Resources */,
				B59335121AB81E580039A94C /* game_bg.mod in Resources */,
				B59335171AB81E580039A94C /* range_fire.wav in Resources */,
				B59335161AB81E580039A94C /* radar_fire.wav in Resources */,
				B593350D1AB81E580039A94C /* create_tower.wav in Resources */,
				B59335141AB81E580039A94C /* menu_bg.mod in Resources */,
				B59335151AB81E580039A94C /* next_level.wav in Resources */,
				B593350B1AB81E580039A94C /* air_fire.wav in Resources */,
				B50788581AB7F11600D5864E /* Main.storyboard in Resources */,
				B5D7025D1AB848C1003FE835 /* tower.plist in Resources */,
				B59335191AB81E580039A94C /* sell_tower.wav in Resources */,
			);
			runOnlyForDeploymentPostprocessing = 0;
		};
		B50788601AB7F11600D5864E /* Resources */ = {
			isa = PBXResourcesBuildPhase;
			buildActionMask = 2147483647;
			files = (
			);
			runOnlyForDeploymentPostprocessing = 0;
		};
/* End PBXResourcesBuildPhase section */

/* Begin PBXSourcesBuildPhase section */
		B50788401AB7F11600D5864E /* Sources */ = {
			isa = PBXSourcesBuildPhase;
			buildActionMask = 2147483647;
			files = (
				B53483151ABB173600A8D950 /* NSMutableArray+Point.m in Sources */,
				B5D702581AB84071003FE835 /* TowerModel.m in Sources */,
				B51128D01AB80D23005C8B2E /* Tower.m in Sources */,
				B5C9E73B1ABC4E64003CA711 /* RadarTower.m in Sources */,
				B5901B8F1ABC54CF000200FE /* GameMap.m in Sources */,
				B5BF25281ABACF54005CEAC1 /* CTGeometryTool.m in Sources */,
				B5D2FADC1ABD3803009BB190 /* CannonTower.m in Sources */,
				B53483141ABB173600A8D950 /* Map.m in Sources */,
				B5D2FADF1ABD390E009BB190 /* SniperTower.m in Sources */,
				B5ADD2E81ABD35C200DF4163 /* AppDelegate.m in Sources */,
				B51AD0E11ABE7F0F00F7F1F3 /* SKNode+Expention.m in Sources */,
				B50F76971AB7F89F0007FF1F /* Creature.m in Sources */,
				B5BF25251ABACE05005CEAC1 /* ShockTower.m in Sources */,
				B5ADD2EB1ABD35C200DF4163 /* GameViewController.m in Sources */,
				B5ADD2E91ABD35C200DF4163 /* GameScene.m in Sources */,
				B5D7025B1AB84095003FE835 /* CreatureModel.m in Sources */,
				B5D2FAE31ABD3A82009BB190 /* RocketTower.m in Sources */,
				B5BF25221ABAC838005CEAC1 /* SlowDownTower.m in Sources */,
				B507884A1AB7F11600D5864E /* main.m in Sources */,
				B5D2FAE61ABD4491009BB190 /* AirTower.m in Sources */,
			);
			runOnlyForDeploymentPostprocessing = 0;
		};
		B507885E1AB7F11600D5864E /* Sources */ = {
			isa = PBXSourcesBuildPhase;
			buildActionMask = 2147483647;
			files = (
				B50788691AB7F11600D5864E /* CellTowerTests.m in Sources */,
			);
			runOnlyForDeploymentPostprocessing = 0;
		};
/* End PBXSourcesBuildPhase section */

/* Begin PBXTargetDependency section */
		B50788641AB7F11600D5864E /* PBXTargetDependency */ = {
			isa = PBXTargetDependency;
			target = B50788431AB7F11600D5864E /* CellTower */;
			targetProxy = B50788631AB7F11600D5864E /* PBXContainerItemProxy */;
		};
/* End PBXTargetDependency section */

/* Begin PBXVariantGroup section */
		B50788561AB7F11600D5864E /* Main.storyboard */ = {
			isa = PBXVariantGroup;
			children = (
				B50788571AB7F11600D5864E /* Base */,
			);
			name = Main.storyboard;
			sourceTree = "<group>";
		};
		B507885B1AB7F11600D5864E /* LaunchScreen.xib */ = {
			isa = PBXVariantGroup;
			children = (
				B507885C1AB7F11600D5864E /* Base */,
			);
			name = LaunchScreen.xib;
			sourceTree = "<group>";
		};
/* End PBXVariantGroup section */

/* Begin XCBuildConfiguration section */
		B507886A1AB7F11600D5864E /* Debug */ = {
			isa = XCBuildConfiguration;
			buildSettings = {
				ALWAYS_SEARCH_USER_PATHS = NO;
				CLANG_CXX_LANGUAGE_STANDARD = "gnu++0x";
				CLANG_CXX_LIBRARY = "libc++";
				CLANG_ENABLE_MODULES = YES;
				CLANG_ENABLE_OBJC_ARC = YES;
				CLANG_WARN_BOOL_CONVERSION = YES;
				CLANG_WARN_CONSTANT_CONVERSION = YES;
				CLANG_WARN_DIRECT_OBJC_ISA_USAGE = YES_ERROR;
				CLANG_WARN_EMPTY_BODY = YES;
				CLANG_WARN_ENUM_CONVERSION = YES;
				CLANG_WARN_INT_CONVERSION = YES;
				CLANG_WARN_OBJC_ROOT_CLASS = YES_ERROR;
				CLANG_WARN_UNREACHABLE_CODE = YES;
				CLANG_WARN__DUPLICATE_METHOD_MATCH = YES;
				"CODE_SIGN_IDENTITY[sdk=iphoneos*]" = "iPhone Developer";
				COPY_PHASE_STRIP = NO;
				ENABLE_STRICT_OBJC_MSGSEND = YES;
				GCC_C_LANGUAGE_STANDARD = gnu99;
				GCC_DYNAMIC_NO_PIC = NO;
				GCC_OPTIMIZATION_LEVEL = 0;
				GCC_PREPROCESSOR_DEFINITIONS = (
					"DEBUG=1",
					"$(inherited)",
				);
				GCC_SYMBOLS_PRIVATE_EXTERN = NO;
				GCC_WARN_64_TO_32_BIT_CONVERSION = YES;
				GCC_WARN_ABOUT_RETURN_TYPE = YES_ERROR;
				GCC_WARN_UNDECLARED_SELECTOR = YES;
				GCC_WARN_UNINITIALIZED_AUTOS = YES_AGGRESSIVE;
				GCC_WARN_UNUSED_FUNCTION = YES;
				GCC_WARN_UNUSED_VARIABLE = YES;
				IPHONEOS_DEPLOYMENT_TARGET = 8.1;
				MTL_ENABLE_DEBUG_INFO = YES;
				ONLY_ACTIVE_ARCH = YES;
				SDKROOT = iphoneos;
				TARGETED_DEVICE_FAMILY = "1,2";
			};
			name = Debug;
		};
		B507886B1AB7F11600D5864E /* Release */ = {
			isa = XCBuildConfiguration;
			buildSettings = {
				ALWAYS_SEARCH_USER_PATHS = NO;
				CLANG_CXX_LANGUAGE_STANDARD = "gnu++0x";
				CLANG_CXX_LIBRARY = "libc++";
				CLANG_ENABLE_MODULES = YES;
				CLANG_ENABLE_OBJC_ARC = YES;
				CLANG_WARN_BOOL_CONVERSION = YES;
				CLANG_WARN_CONSTANT_CONVERSION = YES;
				CLANG_WARN_DIRECT_OBJC_ISA_USAGE = YES_ERROR;
				CLANG_WARN_EMPTY_BODY = YES;
				CLANG_WARN_ENUM_CONVERSION = YES;
				CLANG_WARN_INT_CONVERSION = YES;
				CLANG_WARN_OBJC_ROOT_CLASS = YES_ERROR;
				CLANG_WARN_UNREACHABLE_CODE = YES;
				CLANG_WARN__DUPLICATE_METHOD_MATCH = YES;
				"CODE_SIGN_IDENTITY[sdk=iphoneos*]" = "iPhone Developer";
				COPY_PHASE_STRIP = YES;
				ENABLE_NS_ASSERTIONS = NO;
				ENABLE_STRICT_OBJC_MSGSEND = YES;
				GCC_C_LANGUAGE_STANDARD = gnu99;
				GCC_WARN_64_TO_32_BIT_CONVERSION = YES;
				GCC_WARN_ABOUT_RETURN_TYPE = YES_ERROR;
				GCC_WARN_UNDECLARED_SELECTOR = YES;
				GCC_WARN_UNINITIALIZED_AUTOS = YES_AGGRESSIVE;
				GCC_WARN_UNUSED_FUNCTION = YES;
				GCC_WARN_UNUSED_VARIABLE = YES;
				IPHONEOS_DEPLOYMENT_TARGET = 8.1;
				MTL_ENABLE_DEBUG_INFO = NO;
				SDKROOT = iphoneos;
				TARGETED_DEVICE_FAMILY = "1,2";
				VALIDATE_PRODUCT = YES;
			};
			name = Release;
		};
		B507886D1AB7F11600D5864E /* Debug */ = {
			isa = XCBuildConfiguration;
			buildSettings = {
				ASSETCATALOG_COMPILER_APPICON_NAME = AppIcon;
				GCC_PRECOMPILE_PREFIX_HEADER = "$(SRCROOT)/pch/";
				GCC_PREFIX_HEADER = "$(SRCROOT)/CellTower/pch/PrefixHeader.pch";
				INFOPLIST_FILE = CellTower/Info.plist;
				IPHONEOS_DEPLOYMENT_TARGET = 7.0;
				LD_RUNPATH_SEARCH_PATHS = "$(inherited) @executable_path/Frameworks";
				PRODUCT_NAME = "$(TARGET_NAME)";
			};
			name = Debug;
		};
		B507886E1AB7F11600D5864E /* Release */ = {
			isa = XCBuildConfiguration;
			buildSettings = {
				ASSETCATALOG_COMPILER_APPICON_NAME = AppIcon;
				GCC_PRECOMPILE_PREFIX_HEADER = "$(SRCROOT)/pch/";
				GCC_PREFIX_HEADER = "$(SRCROOT)/CellTower/pch/PrefixHeader.pch";
				INFOPLIST_FILE = CellTower/Info.plist;
				IPHONEOS_DEPLOYMENT_TARGET = 7.0;
				LD_RUNPATH_SEARCH_PATHS = "$(inherited) @executable_path/Frameworks";
				PRODUCT_NAME = "$(TARGET_NAME)";
			};
			name = Release;
		};
		B50788701AB7F11600D5864E /* Debug */ = {
			isa = XCBuildConfiguration;
			buildSettings = {
				BUNDLE_LOADER = "$(TEST_HOST)";
				FRAMEWORK_SEARCH_PATHS = (
					"$(SDKROOT)/Developer/Library/Frameworks",
					"$(inherited)",
				);
				GCC_PREPROCESSOR_DEFINITIONS = (
					"DEBUG=1",
					"$(inherited)",
				);
				INFOPLIST_FILE = CellTowerTests/Info.plist;
				LD_RUNPATH_SEARCH_PATHS = "$(inherited) @executable_path/Frameworks @loader_path/Frameworks";
				PRODUCT_NAME = "$(TARGET_NAME)";
				TEST_HOST = "$(BUILT_PRODUCTS_DIR)/CellTower.app/CellTower";
			};
			name = Debug;
		};
		B50788711AB7F11600D5864E /* Release */ = {
			isa = XCBuildConfiguration;
			buildSettings = {
				BUNDLE_LOADER = "$(TEST_HOST)";
				FRAMEWORK_SEARCH_PATHS = (
					"$(SDKROOT)/Developer/Library/Frameworks",
					"$(inherited)",
				);
				INFOPLIST_FILE = CellTowerTests/Info.plist;
				LD_RUNPATH_SEARCH_PATHS = "$(inherited) @executable_path/Frameworks @loader_path/Frameworks";
				PRODUCT_NAME = "$(TARGET_NAME)";
				TEST_HOST = "$(BUILT_PRODUCTS_DIR)/CellTower.app/CellTower";
			};
			name = Release;
		};
/* End XCBuildConfiguration section */

/* Begin XCConfigurationList section */
		B507883F1AB7F11600D5864E /* Build configuration list for PBXProject "CellTower" */ = {
			isa = XCConfigurationList;
			buildConfigurations = (
				B507886A1AB7F11600D5864E /* Debug */,
				B507886B1AB7F11600D5864E /* Release */,
			);
			defaultConfigurationIsVisible = 0;
			defaultConfigurationName = Release;
		};
		B507886C1AB7F11600D5864E /* Build configuration list for PBXNativeTarget "CellTower" */ = {
			isa = XCConfigurationList;
			buildConfigurations = (
				B507886D1AB7F11600D5864E /* Debug */,
				B507886E1AB7F11600D5864E /* Release */,
			);
			defaultConfigurationIsVisible = 0;
			defaultConfigurationName = Release;
		};
		B507886F1AB7F11600D5864E /* Build configuration list for PBXNativeTarget "CellTowerTests" */ = {
			isa = XCConfigurationList;
			buildConfigurations = (
				B50788701AB7F11600D5864E /* Debug */,
				B50788711AB7F11600D5864E /* Release */,
			);
			defaultConfigurationIsVisible = 0;
			defaultConfigurationName = Release;
		};
/* End XCConfigurationList section */
	};
	rootObject = B507883C1AB7F11600D5864E /* Project object */;
}
